
Microsoft Visual Studio Solution File, Format Version 12.00
# Visual Studio 2012
Project("{FAE04EC0-301F-11D3-BF4B-00C04F79EFBC}") = "EjUno", "EjUno.csproj", "{F1EB2DF4-759F-45AC-B8D8-9CF29AF21575}"
EndProject
Global
	GlobalSection(SolutionConfigurationPlatforms) = preSolution
		Debug|x86 = Debug|x86
		Release|x86 = Release|x86
	EndGlobalSection
	GlobalSection(ProjectConfigurationPlatforms) = postSolution
		{F1EB2DF4-759F-45AC-B8D8-9CF29AF21575}.Debug|x86.ActiveCfg = Debug|x86
		{F1EB2DF4-759F-45AC-B8D8-9CF29AF21575}.Debug|x86.Build.0 = Debug|x86
		{F1EB2DF4-759F-45AC-B8D8-9CF29AF21575}.Release|x86.ActiveCfg = Release|x86
		{F1EB2DF4-759F-45AC-B8D8-9CF29AF21575}.Release|x86.Build.0 = Release|x86
	EndGlobalSection
EndGlobal
